// !$*UTF8*$!
{
	archiveVersion = 1;
	classes = {
	};
	objectVersion = 48;
	objects = {

/* Begin PBXBuildFile section */
		C49DDF881FC53F8200910F7F /* AppDelegate.swift in Sources */ = {isa = PBXBuildFile; fileRef = C49DDF871FC53F8200910F7F /* AppDelegate.swift */; };
		C49DDF8A1FC53F8200910F7F /* MasterViewController.swift in Sources */ = {isa = PBXBuildFile; fileRef = C49DDF891FC53F8200910F7F /* MasterViewController.swift */; };
		C49DDF8F1FC53F8200910F7F /* Main.storyboard in Resources */ = {isa = PBXBuildFile; fileRef = C49DDF8D1FC53F8200910F7F /* Main.storyboard */; };
		C49DDF911FC53F8200910F7F /* Assets.xcassets in Resources */ = {isa = PBXBuildFile; fileRef = C49DDF901FC53F8200910F7F /* Assets.xcassets */; };
		C49DDF941FC53F8200910F7F /* LaunchScreen.storyboard in Resources */ = {isa = PBXBuildFile; fileRef = C49DDF921FC53F8200910F7F /* LaunchScreen.storyboard */; };
/* End PBXBuildFile section */

/* Begin PBXFileReference section */
		C49DDF841FC53F8200910F7F /* MyFirstDragAndDrop.app */ = {isa = PBXFileReference; explicitFileType = wrapper.application; includeInIndex = 0; path = MyFirstDragAndDrop.app; sourceTree = BUILT_PRODUCTS_DIR; };
		C49DDF871FC53F8200910F7F /* AppDelegate.swift */ = {isa = PBXFileReference; lastKnownFileType = sourcecode.swift; path = AppDelegate.swift; sourceTree = "<group>"; };
		C49DDF891FC53F8200910F7F /* MasterViewController.swift */ = {isa = PBXFileReference; lastKnownFileType = sourcecode.swift; path = MasterViewController.swift; sourceTree = "<group>"; };
		C49DDF8E1FC53F8200910F7F /* Base */ = {isa = PBXFileReference; lastKnownFileType = file.storyboard; name = Base; path = Base.lproj/Main.storyboard; sourceTree = "<group>"; };
		C49DDF901FC53F8200910F7F /* Assets.xcassets */ = {isa = PBXFileReference; lastKnownFileType = folder.assetcatalog; path = Assets.xcassets; sourceTree = "<group>"; };
		C49DDF931FC53F8200910F7F /* Base */ = {isa = PBXFileReference; lastKnownFileType = file.storyboard; name = Base; path = Base.lproj/LaunchScreen.storyboard; sourceTree = "<group>"; };
		C49DDF951FC53F8200910F7F /* Info.plist */ = {isa = PBXFileReference; lastKnownFileType = text.plist.xml; path = Info.plist; sourceTree = "<group>"; };
/* End PBXFileReference section */

/* Begin PBXFrameworksBuildPhase section */
		C49DDF811FC53F8200910F7F /* Frameworks */ = {
			isa = PBXFrameworksBuildPhase;
			buildActionMask = 2147483647;
			files = (
			);
			runOnlyForDeploymentPostprocessing = 0;
		};
/* End PBXFrameworksBuildPhase section */

/* Begin PBXGroup section */
		C49DDF7B1FC53F8200910F7F = {
			isa = PBXGroup;
			children = (
				C49DDF861FC53F8200910F7F /* MyFirstDragAndDrop */,
				C49DDF851FC53F8200910F7F /* Products */,
			);
			sourceTree = "<group>";
		};
		C49DDF851FC53F8200910F7F /* Products */ = {
			isa = PBXGroup;
			children = (
				C49DDF841FC53F8200910F7F /* MyFirstDragAndDrop.app */,
			);
			name = Products;
			sourceTree = "<group>";
		};
		C49DDF861FC53F8200910F7F /* MyFirstDragAndDrop */ = {
			isa = PBXGroup;
			children = (
				C49DDF871FC53F8200910F7F /* AppDelegate.swift */,
				C49DDF891FC53F8200910F7F /* MasterViewController.swift */,
				C49DDF8D1FC53F8200910F7F /* Main.storyboard */,
				C49DDF901FC53F8200910F7F /* Assets.xcassets */,
				C49DDF921FC53F8200910F7F /* LaunchScreen.storyboard */,
				C49DDF951FC53F8200910F7F /* Info.plist */,
			);
			path = MyFirstDragAndDrop;
			sourceTree = "<group>";
		};
/* End PBXGroup section */

/* Begin PBXNativeTarget section */
		C49DDF831FC53F8200910F7F /* MyFirstDragAndDrop */ = {
			isa = PBXNativeTarget;
			buildConfigurationList = C49DDF981FC53F8200910F7F /* Build configuration list for PBXNativeTarget "MyFirstDragAndDrop" */;
			buildPhases = (
				C49DDF801FC53F8200910F7F /* Sources */,
				C49DDF811FC53F8200910F7F /* Frameworks */,
				C49DDF821FC53F8200910F7F /* Resources */,
			);
			buildRules = (
			);
			dependencies = (
			);
			name = MyFirstDragAndDrop;
			productName = MyFirstDragAndDrop;
			productReference = C49DDF841FC53F8200910F7F /* MyFirstDragAndDrop.app */;
			productType = "com.apple.product-type.application";
		};
/* End PBXNativeTarget section */

/* Begin PBXProject section */
		C49DDF7C1FC53F8200910F7F /* Project object */ = {
			isa = PBXProject;
			attributes = {
				LastSwiftUpdateCheck = 0910;
				LastUpgradeCheck = 0910;
				ORGANIZATIONNAME = "Doron Katz";
				TargetAttributes = {
					C49DDF831FC53F8200910F7F = {
						CreatedOnToolsVersion = 9.1;
						ProvisioningStyle = Automatic;
					};
				};
			};
			buildConfigurationList = C49DDF7F1FC53F8200910F7F /* Build configuration list for PBXProject "MyFirstDragAndDrop" */;
			compatibilityVersion = "Xcode 8.0";
			developmentRegion = en;
			hasScannedForEncodings = 0;
			knownRegions = (
				en,
				Base,
			);
			mainGroup = C49DDF7B1FC53F8200910F7F;
			productRefGroup = C49DDF851FC53F8200910F7F /* Products */;
			projectDirPath = "";
			projectRoot = "";
			targets = (
				C49DDF831FC53F8200910F7F /* MyFirstDragAndDrop */,
			);
		};
/* End PBXProject section */

/* Begin PBXResourcesBuildPhase section */
		C49DDF821FC53F8200910F7F /* Resources */ = {
			isa = PBXResourcesBuildPhase;
			buildActionMask = 2147483647;
			files = (
				C49DDF941FC53F8200910F7F /* LaunchScreen.storyboard in Resources */,
				C49DDF911FC53F8200910F7F /* Assets.xcassets in Resources */,
				C49DDF8F1FC53F8200910F7F /* Main.storyboard in Resources */,
			);
			runOnlyForDeploymentPostprocessing = 0;
		};
/* End PBXResourcesBuildPhase section */

/* Begin PBXSourcesBuildPhase section */
		C49DDF801FC53F8200910F7F /* Sources */ = {
			isa = PBXSourcesBuildPhase;
			buildActionMask = 2147483647;
			files = (
				C49DDF8A1FC53F8200910F7F /* MasterViewController.swift in Sources */,
				C49DDF881FC53F8200910F7F /* AppDelegate.swift in Sources */,
			);
			runOnlyForDeploymentPostprocessing = 0;
		};
/* End PBXSourcesBuildPhase section */

/* Begin PBXVariantGroup section */
		C49DDF8D1FC53F8200910F7F /* Main.storyboard */ = {
			isa = PBXVariantGroup;
			children = (
				C49DDF8E1FC53F8200910F7F /* Base */,
			);
			name = Main.storyboard;
			sourceTree = "<group>";
		};
		C49DDF921FC53F8200910F7F /* LaunchScreen.storyboard */ = {
			isa = PBXVariantGroup;
			children = (
				C49DDF931FC53F8200910F7F /* Base */,
			);
			name = LaunchScreen.storyboard;
			sourceTree = "<group>";
		};
/* End PBXVariantGroup section */

/* Begin XCBuildConfiguration section */
		C49DDF961FC53F8200910F7F /* Debug */ = {
			isa = XCBuildConfiguration;
			buildSettings = {
				ALWAYS_SEARCH_USER_PATHS = NO;
				CLANG_ANALYZER_NONNULL = YES;
				CLANG_ANALYZER_NUMBER_OBJECT_CONVERSION = YES_AGGRESSIVE;
				CLANG_CXX_LANGUAGE_STANDARD = "gnu++14";
				CLANG_CXX_LIBRARY = "libc++";
				CLANG_ENABLE_MODULES = YES;
				CLANG_ENABLE_OBJC_ARC = YES;
				CLANG_WARN_BLOCK_CAPTURE_AUTORELEASING = YES;
				CLANG_WARN_BOOL_CONVERSION = YES;
				CLANG_WARN_COMMA = YES;
				CLANG_WARN_CONSTANT_CONVERSION = YES;
				CLANG_WARN_DIRECT_OBJC_ISA_USAGE = YES_ERROR;
				CLANG_WARN_DOCUMENTATION_COMMENTS = YES;
				CLANG_WARN_EMPTY_BODY = YES;
				CLANG_WARN_ENUM_CONVERSION = YES;
				CLANG_WARN_INFINITE_RECURSION = YES;
				CLANG_WARN_INT_CONVERSION = YES;
				CLANG_WARN_NON_LITERAL_NULL_CONVERSION = YES;
				CLANG_WARN_OBJC_LITERAL_CONVERSION = YES;
				CLANG_WARN_OBJC_ROOT_CLASS = YES_ERROR;
				CLANG_WARN_RANGE_LOOP_ANALYSIS = YES;
				CLANG_WARN_STRICT_PROTOTYPES = YES;
				CLANG_WARN_SUSPICIOUS_MOVE = YES;
				CLANG_WARN_UNGUARDED_AVAILABILITY = YES_AGGRESSIVE;
				CLANG_WARN_UNREACHABLE_CODE = YES;
				CLANG_WARN__DUPLICATE_METHOD_MATCH = YES;
				CODE_SIGN_IDENTITY = "iPhone Developer";
				COPY_PHASE_STRIP = NO;
				DEBUG_INFORMATION_FORMAT = dwarf;
				ENABLE_STRICT_OBJC_MSGSEND = YES;
				ENABLE_TESTABILITY = YES;
				GCC_C_LANGUAGE_STANDARD = gnu11;
				GCC_DYNAMIC_NO_PIC = NO;
				GCC_NO_COMMON_BLOCKS = YES;
				GCC_OPTIMIZATION_LEVEL = 0;
				GCC_PREPROCESSOR_DEFINITIONS = (
					"DEBUG=1",
					"$(inherited)",
				);
				GCC_WARN_64_TO_32_BIT_CONVERSION = YES;
				GCC_WARN_ABOUT_RETURN_TYPE = YES_ERROR;
				GCC_WARN_UNDECLARED_SELECTOR = YES;
				GCC_WARN_UNINITIALIZED_AUTOS = YES_AGGRESSIVE;
				GCC_WARN_UNUSED_FUNCTION = YES;
				GCC_WARN_UNUSED_VARIABLE = YES;
				IPHONEOS_DEPLOYMENT_TARGET = 11.1;
				MTL_ENABLE_DEBUG_INFO = YES;
				ONLY_ACTIVE_ARCH = YES;
				SDKROOT = iphoneos;
				SWIFT_ACTIVE_COMPILATION_CONDITIONS = DEBUG;
				SWIFT_OPTIMIZATION_LEVEL = "-Onone";
			};
			name = Debug;
		};
		C49DDF971FC53F8200910F7F /* Release */ = {
			isa = XCBuildConfiguration;
			buildSettings = {
				ALWAYS_SEARCH_USER_PATHS = NO;
				CLANG_ANALYZER_NONNULL = YES;
				CLANG_ANALYZER_NUMBER_OBJECT_CONVERSION = YES_AGGRESSIVE;
				CLANG_CXX_LANGUAGE_STANDARD = "gnu++14";
				CLANG_CXX_LIBRARY = "libc++";
				CLANG_ENABLE_MODULES = YES;
				CLANG_ENABLE_OBJC_ARC = YES;
				CLANG_WARN_BLOCK_CAPTURE_AUTORELEASING = YES;
				CLANG_WARN_BOOL_CONVERSION = YES;
				CLANG_WARN_COMMA = YES;
				CLANG_WARN_CONSTANT_CONVERSION = YES;
				CLANG_WARN_DIRECT_OBJC_ISA_USAGE = YES_ERROR;
				CLANG_WARN_DOCUMENTATION_COMMENTS = YES;
				CLANG_WARN_EMPTY_BODY = YES;
				CLANG_WARN_ENUM_CONVERSION = YES;
				CLANG_WARN_INFINITE_RECURSION = YES;
				CLANG_WARN_INT_CONVERSION = YES;
				CLANG_WARN_NON_LITERAL_NULL_CONVERSION = YES;
				CLANG_WARN_OBJC_LITERAL_CONVERSION = YES;
				CLANG_WARN_OBJC_ROOT_CLASS = YES_ERROR;
				CLANG_WARN_RANGE_LOOP_ANALYSIS = YES;
				CLANG_WARN_STRICT_PROTOTYPES = YES;
				CLANG_WARN_SUSPICIOUS_MOVE = YES;
				CLANG_WARN_UNGUARDED_AVAILABILITY = YES_AGGRESSIVE;
				CLANG_WARN_UNREACHABLE_CODE = YES;
				CLANG_WARN__DUPLICATE_METHOD_MATCH = YES;
				CODE_SIGN_IDENTITY = "iPhone Developer";
				COPY_PHASE_STRIP = NO;
				DEBUG_INFORMATION_FORMAT = "dwarf-with-dsym";
				ENABLE_NS_ASSERTIONS = NO;
				ENABLE_STRICT_OBJC_MSGSEND = YES;
				GCC_C_LANGUAGE_STANDARD = gnu11;
				GCC_NO_COMMON_BLOCKS = YES;
				GCC_WARN_64_TO_32_BIT_CONVERSION = YES;
				GCC_WARN_ABOUT_RETURN_TYPE = YES_ERROR;
				GCC_WARN_UNDECLARED_SELECTOR = YES;
				GCC_WARN_UNINITIALIZED_AUTOS = YES_AGGRESSIVE;
				GCC_WARN_UNUSED_FUNCTION = YES;
				GCC_WARN_UNUSED_VARIABLE = YES;
				IPHONEOS_DEPLOYMENT_TARGET = 11.1;
				MTL_ENABLE_DEBUG_INFO = NO;
				SDKROOT = iphoneos;
				SWIFT_OPTIMIZATION_LEVEL = "-Owholemodule";
				VALIDATE_PRODUCT = YES;
			};
			name = Release;
		};
		C49DDF991FC53F8200910F7F /* Debug */ = {
			isa = XCBuildConfiguration;
			buildSettings = {
				ASSETCATALOG_COMPILER_APPICON_NAME = AppIcon;
				CODE_SIGN_STYLE = Automatic;
				DEVELOPMENT_TEAM = UU98N6FWB5;
				INFOPLIST_FILE = MyFirstDragAndDrop/Info.plist;
				LD_RUNPATH_SEARCH_PATHS = "$(inherited) @executable_path/Frameworks";
				PRODUCT_BUNDLE_IDENTIFIER = com.doronkatz.MyFirstDragAndDrop;
				PRODUCT_NAME = "$(TARGET_NAME)";
				SWIFT_VERSION = 4.0;
				TARGETED_DEVICE_FAMILY = "1,2";
			};
			name = Debug;
		};
		C49DDF9A1FC53F8200910F7F /* Release */ = {
			isa = XCBuildConfiguration;
			buildSettings = {
				ASSETCATALOG_COMPILER_APPICON_NAME = AppIcon;
				CODE_SIGN_STYLE = Automatic;
				DEVELOPMENT_TEAM = UU98N6FWB5;
				INFOPLIST_FILE = MyFirstDragAndDrop/Info.plist;
				LD_RUNPATH_SEARCH_PATHS = "$(inherited) @executable_path/Frameworks";
				PRODUCT_BUNDLE_IDENTIFIER = com.doronkatz.MyFirstDragAndDrop;
				PRODUCT_NAME = "$(TARGET_NAME)";
				SWIFT_VERSION = 4.0;
				TARGETED_DEVICE_FAMILY = "1,2";
			};
			name = Release;
		};
/* End XCBuildConfiguration section */

/* Begin XCConfigurationList section */
		C49DDF7F1FC53F8200910F7F /* Build configuration list for PBXProject "MyFirstDragAndDrop" */ = {
			isa = XCConfigurationList;
			buildConfigurations = (
				C49DDF961FC53F8200910F7F /* Debug */,
				C49DDF971FC53F8200910F7F /* Release */,
			);
			defaultConfigurationIsVisible = 0;
			defaultConfigurationName = Release;
		};
		C49DDF981FC53F8200910F7F /* Build configuration list for PBXNativeTarget "MyFirstDragAndDrop" */ = {
			isa = XCConfigurationList;
			buildConfigurations = (
				C49DDF991FC53F8200910F7F /* Debug */,
				C49DDF9A1FC53F8200910F7F /* Release */,
			);
			defaultConfigurationIsVisible = 0;
			defaultConfigurationName = Release;
		};
/* End XCConfigurationList section */
	};
	rootObject = C49DDF7C1FC53F8200910F7F /* Project object */;
}
